<?xml version="1.0" encoding="utf-8"?>
<Project ToolsVersion="4.0" xmlns="http://schemas.microsoft.com/developer/msbuild/2003">
  <ItemGroup>
    <Filter Include="Source Files">
      <UniqueIdentifier>{4FC737F1-C7A5-4376-A066-2A32D752A2FF}</UniqueIdentifier>
      <Extensions>cpp;c;cc;cxx;def;odl;idl;hpj;bat;asm;asmx</Extensions>
    </Filter>
    <Filter Include="Source Files\A-D">
      <UniqueIdentifier>{2e8e6b84-0aff-48e7-81eb-9dbc1f18be24}</UniqueIdentifier>
    </Filter>
    <Filter Include="Source Files\E-L">
      <UniqueIdentifier>{406f8610-3105-4815-b7ef-48a4de81dfeb}</UniqueIdentifier>
    </Filter>
    <Filter Include="Source Files\M-R">
      <UniqueIdentifier>{565215ad-c789-4182-9e85-fd0417b429f2}</UniqueIdentifier>
    </Filter>
    <Filter Include="Source Files\W-Z">
      <UniqueIdentifier>{dad12de0-57aa-4989-a6c9-2afcc6ab469d}</UniqueIdentifier>
    </Filter>
    <Filter Include="Source Files\S-V">
      <UniqueIdentifier>{d6c4a672-528e-4923-80dd-3b5dcc7672aa}</UniqueIdentifier>
    </Filter>
    <Filter Include="Header Files">
      <UniqueIdentifier>{97336572-0433-4730-b6b5-4843042569b8}</UniqueIdentifier>
    </Filter>
    <Filter Include="Header Files\A-D">
      <UniqueIdentifier>{5d9aceda-6186-4be0-a3ae-9d986d27aff4}</UniqueIdentifier>
    </Filter>
    <Filter Include="Header Files\E-L">
      <UniqueIdentifier>{edb03f3f-b034-4583-89cf-fca88990daa4}</UniqueIdentifier>
    </Filter>
    <Filter Include="Header Files\M-R">
      <UniqueIdentifier>{2d396e2c-b628-4b47-9576-01501d578f6e}</UniqueIdentifier>
    </Filter>
    <Filter Include="Header Files\S-V">
      <UniqueIdentifier>{da9937cf-7ac1-46ed-9c35-ce3e01d6ac2c}</UniqueIdentifier>
    </Filter>
    <Filter Include="Header Files\W-Z">
      <UniqueIdentifier>{b89c98c7-b994-42bb-a56b-e5c368f1a360}</UniqueIdentifier>
    </Filter>
  </ItemGroup>
  <ItemGroup>
    <ClInclude Include="..\..\Allocs.hpp">
      <Filter>Header Files\A-D</Filter>
    </ClInclude>
    <ClInclude Include="..\..\Args.hpp">
      <Filter>Header Files\A-D</Filter>
    </ClInclude>
    <ClInclude Include="..\..\ArraySize.hpp">
      <Filter>Header Files\A-D</Filter>
    </ClInclude>
    <ClInclude Include="..\..\AStar.hpp">
      <Filter>Header Files\A-D</Filter>
    </ClInclude>
    <ClInclude Include="..\..\AsyncTask.hpp">
      <Filter>Header Files\A-D</Filter>
    </ClInclude>
    <ClInclude Include="..\..\BitCount.hpp">
      <Filter>Header Files\A-D</Filter>
    </ClInclude>
    <ClInclude Include="..\..\BoostRangeToContainer.hpp">
      <Filter>Header Files\A-D</Filter>
    </ClInclude>
    <ClInclude Include="..\..\BufferPool.hpp">
      <Filter>Header Files\A-D</Filter>
    </ClInclude>
    <ClInclude Include="..\..\CaesarCipher.hpp">
      <Filter>Header Files\A-D</Filter>
    </ClInclude>
    <ClInclude Include="..\..\CheckResult.hpp">
      <Filter>Header Files\A-D</Filter>
    </ClInclude>
    <ClInclude Include="..\..\ChronoWrappers.hpp">
      <Filter>Header Files\A-D</Filter>
    </ClInclude>
    <ClInclude Include="..\..\ClockGetTimeWindows.hpp">
      <Filter>Header Files\A-D</Filter>
    </ClInclude>
    <ClInclude Include="..\..\CLRS.hpp">
      <Filter>Header Files\A-D</Filter>
    </ClInclude>
    <ClInclude Include="..\..\Combine.hpp">
      <Filter>Header Files\A-D</Filter>
    </ClInclude>
    <ClInclude Include="..\..\ComparisonOperators.hpp">
      <Filter>Header Files\A-D</Filter>
    </ClInclude>
    <ClInclude Include="..\..\Compression.hpp">
      <Filter>Header Files\A-D</Filter>
    </ClInclude>
    <ClInclude Include="..\..\ComPtr.hpp">
      <Filter>Header Files\A-D</Filter>
    </ClInclude>
    <ClInclude Include="..\..\ConstexprString.hpp">
      <Filter>Header Files\A-D</Filter>
    </ClInclude>
    <ClInclude Include="..\..\ContainerFilter.hpp">
      <Filter>Header Files\A-D</Filter>
    </ClInclude>
    <ClInclude Include="..\..\ContainerInsert.hpp">
      <Filter>Header Files\A-D</Filter>
    </ClInclude>
    <ClInclude Include="..\..\ContainerMemSize.hpp">
      <Filter>Header Files\A-D</Filter>
    </ClInclude>
    <ClInclude Include="..\..\ContainerOperators.hpp">
      <Filter>Header Files\A-D</Filter>
    </ClInclude>
    <ClInclude Include="..\..\Contains.hpp">
      <Filter>Header Files\A-D</Filter>
    </ClInclude>
    <ClInclude Include="..\..\CountTime.hpp">
      <Filter>Header Files\A-D</Filter>
    </ClInclude>
    <ClInclude Include="..\..\CreateArray.hpp">
      <Filter>Header Files\A-D</Filter>
    </ClInclude>
    <ClInclude Include="..\..\CurrentTime.hpp">
      <Filter>Header Files\A-D</Filter>
    </ClInclude>
    <ClInclude Include="..\..\CustomRangeAlgorithms.hpp">
      <Filter>Header Files\A-D</Filter>
    </ClInclude>
    <ClInclude Include="..\..\CutString.hpp">
      <Filter>Header Files\A-D</Filter>
    </ClInclude>
    <ClInclude Include="..\..\DefaultRandomEngine.hpp">
      <Filter>Header Files\A-D</Filter>
    </ClInclude>
    <ClInclude Include="..\..\Demangle.hpp">
      <Filter>Header Files\A-D</Filter>
    </ClInclude>
    <ClInclude Include="..\..\DumpMemory.hpp">
      <Filter>Header Files\A-D</Filter>
    </ClInclude>
    <ClInclude Include="..\..\Either.hpp">
      <Filter>Header Files\E-L</Filter>
    </ClInclude>
    <ClInclude Include="..\..\Endianness.hpp">
      <Filter>Header Files\E-L</Filter>
    </ClInclude>
    <ClInclude Include="..\..\Endl.hpp">
      <Filter>Header Files\E-L</Filter>
    </ClInclude>
    <ClInclude Include="..\..\EnumHash.hpp">
      <Filter>Header Files\E-L</Filter>
    </ClInclude>
    <ClInclude Include="..\..\EnumToString.hpp">
      <Filter>Header Files\E-L</Filter>
    </ClInclude>
    <ClInclude Include="..\..\EnumToUnderlying.hpp">
      <Filter>Header Files\E-L</Filter>
    </ClInclude>
    <ClInclude Include="..\..\EqualityFunctors.hpp">
      <Filter>Header Files\E-L</Filter>
    </ClInclude>
    <ClInclude Include="..\..\ErrorChecks.hpp">
      <Filter>Header Files\E-L</Filter>
    </ClInclude>
    <ClInclude Include="..\..\ExtendedRangeStlAlgorithms.hpp">
      <Filter>Header Files\E-L</Filter>
    </ClInclude>
    <ClInclude Include="..\..\FileName.hpp">
      <Filter>Header Files\E-L</Filter>
    </ClInclude>
    <ClInclude Include="..\..\FindActErase.hpp">
      <Filter>Header Files\E-L</Filter>
    </ClInclude>
    <ClInclude Include="..\..\ForwardDeclarations.hpp">
      <Filter>Header Files\E-L</Filter>
    </ClInclude>
    <ClInclude Include="..\..\FunctionComplement.hpp">
      <Filter>Header Files\E-L</Filter>
    </ClInclude>
    <ClInclude Include="..\..\FunctionComposition.hpp">
      <Filter>Header Files\E-L</Filter>
    </ClInclude>
    <ClInclude Include="..\..\FunctionTraits.hpp">
      <Filter>Header Files\E-L</Filter>
    </ClInclude>
    <ClInclude Include="..\..\GtestWrapper.hpp">
      <Filter>Header Files\E-L</Filter>
    </ClInclude>
    <ClInclude Include="..\..\HashMembers.hpp">
      <Filter>Header Files\E-L</Filter>
    </ClInclude>
    <ClInclude Include="..\..\HasMember.hpp">
      <Filter>Header Files\E-L</Filter>
    </ClInclude>
    <ClInclude Include="..\..\InRange.hpp">
      <Filter>Header Files\E-L</Filter>
    </ClInclude>
    <ClInclude Include="..\..\IntToWord.hpp">
      <Filter>Header Files\E-L</Filter>
    </ClInclude>
    <ClInclude Include="..\..\IoTypedefs.hpp">
      <Filter>Header Files\E-L</Filter>
    </ClInclude>
    <ClInclude Include="..\..\IsStlContainer.hpp">
      <Filter>Header Files\E-L</Filter>
    </ClInclude>
    <ClInclude Include="..\..\Iterators.hpp">
      <Filter>Header Files\E-L</Filter>
    </ClInclude>
    <ClInclude Include="..\..\KeysValues.hpp">
      <Filter>Header Files\E-L</Filter>
    </ClInclude>
    <ClInclude Include="..\..\Lock.hpp">
      <Filter>Header Files\E-L</Filter>
    </ClInclude>
    <ClInclude Include="..\..\Logger.hpp">
      <Filter>Header Files\E-L</Filter>
    </ClInclude>
    <ClInclude Include="..\..\Loud.hpp">
      <Filter>Header Files\E-L</Filter>
    </ClInclude>
    <ClInclude Include="..\..\MapValueOr.hpp">
      <Filter>Header Files\M-R</Filter>
    </ClInclude>
    <ClInclude Include="..\..\MemberOffset.hpp">
      <Filter>Header Files\M-R</Filter>
    </ClInclude>
    <ClInclude Include="..\..\Natural.hpp">
      <Filter>Header Files\M-R</Filter>
    </ClInclude>
    <ClInclude Include="..\..\Numeric.hpp">
      <Filter>Header Files\M-R</Filter>
    </ClInclude>
    <ClInclude Include="..\..\Observer.hpp">
      <Filter>Header Files\M-R</Filter>
    </ClInclude>
    <ClInclude Include="..\..\Optional.hpp">
      <Filter>Header Files\M-R</Filter>
    </ClInclude>
    <ClInclude Include="..\..\OutputOperators.hpp">
      <Filter>Header Files\M-R</Filter>
    </ClInclude>
    <ClInclude Include="..\..\Pause.hpp">
      <Filter>Header Files\M-R</Filter>
    </ClInclude>
    <ClInclude Include="..\..\Print.hpp">
      <Filter>Header Files\M-R</Filter>
    </ClInclude>
    <ClInclude Include="..\..\PrintBacktrace.hpp">
      <Filter>Header Files\M-R</Filter>
    </ClInclude>
    <ClInclude Include="..\..\PrintGuru.hpp">
      <Filter>Header Files\M-R</Filter>
    </ClInclude>
    <ClInclude Include="..\..\PrintPikachu.hpp">
      <Filter>Header Files\M-R</Filter>
    </ClInclude>
    <ClInclude Include="..\..\PtrMagic.hpp">
      <Filter>Header Files\M-R</Filter>
    </ClInclude>
    <ClInclude Include="..\..\QueuePop.hpp">
      <Filter>Header Files\M-R</Filter>
    </ClInclude>
    <ClInclude Include="..\..\Random.hpp">
      <Filter>Header Files\M-R</Filter>
    </ClInclude>
    <ClInclude Include="..\..\RandomChance.hpp">
      <Filter>Header Files\M-R</Filter>
    </ClInclude>
    <ClInclude Include="..\..\RandomContainers.hpp">
      <Filter>Header Files\M-R</Filter>
    </ClInclude>
    <ClInclude Include="..\..\RangeStlAlgorithms.hpp">
      <Filter>Header Files\M-R</Filter>
    </ClInclude>
    <ClInclude Include="..\..\ReadFile.hpp">
      <Filter>Header Files\M-R</Filter>
    </ClInclude>
    <ClInclude Include="..\..\Recursion.hpp">
      <Filter>Header Files\M-R</Filter>
    </ClInclude>
    <ClInclude Include="..\..\Repeat.hpp">
      <Filter>Header Files\M-R</Filter>
    </ClInclude>
    <ClInclude Include="..\..\ScopedThread.hpp">
      <Filter>Header Files\S-V</Filter>
    </ClInclude>
    <ClInclude Include="..\..\Sigaction.hpp">
      <Filter>Header Files\S-V</Filter>
    </ClInclude>
    <ClInclude Include="..\..\SimpleTimer.hpp">
      <Filter>Header Files\S-V</Filter>
    </ClInclude>
    <ClInclude Include="..\..\SplitString.hpp">
      <Filter>Header Files\S-V</Filter>
    </ClInclude>
    <ClInclude Include="..\..\StackPop.hpp">
      <Filter>Header Files\S-V</Filter>
    </ClInclude>
    <ClInclude Include="..\..\StartsWith.hpp">
      <Filter>Header Files\S-V</Filter>
    </ClInclude>
    <ClInclude Include="..\..\Std.hpp">
      <Filter>Header Files\S-V</Filter>
    </ClInclude>
    <ClInclude Include="..\..\Stringify.hpp">
      <Filter>Header Files\S-V</Filter>
    </ClInclude>
    <ClInclude Include="..\..\StringStream.hpp">
      <Filter>Header Files\S-V</Filter>
    </ClInclude>
    <ClInclude Include="..\..\StringToInt.hpp">
      <Filter>Header Files\S-V</Filter>
    </ClInclude>
    <ClInclude Include="..\..\Strong.hpp">
      <Filter>Header Files\S-V</Filter>
    </ClInclude>
    <ClInclude Include="..\..\TaskScheduler.hpp">
      <Filter>Header Files\S-V</Filter>
    </ClInclude>
    <ClInclude Include="..\..\TeeCout.hpp">
      <Filter>Header Files\S-V</Filter>
    </ClInclude>
    <ClInclude Include="..\..\ThreadSafeLogger.hpp">
      <Filter>Header Files\S-V</Filter>
    </ClInclude>
    <ClInclude Include="..\..\ThreadSafeQueue.hpp">
      <Filter>Header Files\S-V</Filter>
    </ClInclude>
    <ClInclude Include="..\..\Time.hpp">
      <Filter>Header Files\S-V</Filter>
    </ClInclude>
    <ClInclude Include="..\..\TimeCasts.hpp">
      <Filter>Header Files\S-V</Filter>
    </ClInclude>
    <ClInclude Include="..\..\TimedFunction.hpp">
      <Filter>Header Files\S-V</Filter>
    </ClInclude>
    <ClInclude Include="..\..\Timer.hpp">
      <Filter>Header Files\S-V</Filter>
    </ClInclude>
    <ClInclude Include="..\..\TimerWindows.hpp">
      <Filter>Header Files\S-V</Filter>
    </ClInclude>
    <ClInclude Include="..\..\ToLower.hpp">
      <Filter>Header Files\S-V</Filter>
    </ClInclude>
    <ClInclude Include="..\..\Typedefs.hpp">
      <Filter>Header Files\S-V</Filter>
    </ClInclude>
    <ClInclude Include="..\..\TypeTraits.hpp">
      <Filter>Header Files\S-V</Filter>
    </ClInclude>
    <ClInclude Include="..\..\VSCompatibility.hpp">
      <Filter>Header Files\S-V</Filter>
    </ClInclude>
    <ClInclude Include="..\..\WeakPtrMatcher.hpp">
      <Filter>Header Files\W-Z</Filter>
    </ClInclude>
    <ClInclude Include="..\..\WinConsole.hpp">
      <Filter>Header Files\W-Z</Filter>
    </ClInclude>
    <ClInclude Include="..\..\WinDebug.hpp">
      <Filter>Header Files\W-Z</Filter>
    </ClInclude>
    <ClInclude Include="..\..\WindowsNoMinMax.hpp">
      <Filter>Header Files\W-Z</Filter>
    </ClInclude>
    <ClInclude Include="..\..\As.hpp">
      <Filter>Header Files\A-D</Filter>
    </ClInclude>
    <ClInclude Include="..\..\ReadStringFromBuffer.hpp">
      <Filter>Header Files\M-R</Filter>
    </ClInclude>
    <ClInclude Include="..\..\WriteFile.hpp">
      <Filter>Header Files\W-Z</Filter>
    </ClInclude>
    <ClInclude Include="..\..\FileCommon.hpp">
      <Filter>Header Files\E-L</Filter>
    </ClInclude>
    <ClInclude Include="..\..\FileFolder.hpp">
      <Filter>Header Files\E-L</Filter>
    </ClInclude>
    <ClInclude Include="..\..\Singleton.hpp">
      <Filter>Header Files\S-V</Filter>
    </ClInclude>
    <ClInclude Include="..\..\ExecutableFolder.hpp">
      <Filter>Header Files\E-L</Filter>
    </ClInclude>
    <ClInclude Include="..\..\WString.hpp">
      <Filter>Header Files\W-Z</Filter>
    </ClInclude>
    <ClInclude Include="..\..\Toggle.hpp">
      <Filter>Header Files\S-V</Filter>
    </ClInclude>
    <ClInclude Include="..\..\ContainsKeys.hpp">
      <Filter>Header Files\A-D</Filter>
    </ClInclude>
  </ItemGroup>
  <ItemGroup>
    <ClCompile Include="..\src\main.cpp">
      <Filter>Source Files</Filter>
    </ClCompile>
    <ClCompile Include="..\src\SimpleTimer.cpp">
      <Filter>Source Files\S-V</Filter>
    </ClCompile>
    <ClCompile Include="..\src\SplitString.cpp">
      <Filter>Source Files\S-V</Filter>
    </ClCompile>
    <ClCompile Include="..\src\StackPop.cpp">
      <Filter>Source Files\S-V</Filter>
    </ClCompile>
    <ClCompile Include="..\src\Stringify.cpp">
      <Filter>Source Files\S-V</Filter>
    </ClCompile>
    <ClCompile Include="..\src\StringToInt.cpp">
      <Filter>Source Files\S-V</Filter>
    </ClCompile>
    <ClCompile Include="..\src\Strong.cpp">
      <Filter>Source Files\S-V</Filter>
    </ClCompile>
    <ClCompile Include="..\src\SyscallWrappers.cpp">
      <Filter>Source Files\S-V</Filter>
    </ClCompile>
    <ClCompile Include="..\src\ThreadSafeLogger.cpp">
      <Filter>Source Files\S-V</Filter>
    </ClCompile>
    <ClCompile Include="..\src\Time.cpp">
      <Filter>Source Files\S-V</Filter>
    </ClCompile>
    <ClCompile Include="..\src\TimeCasts.cpp">
      <Filter>Source Files\S-V</Filter>
    </ClCompile>
    <ClCompile Include="..\src\TimedFunction.cpp">
      <Filter>Source Files\S-V</Filter>
    </ClCompile>
    <ClCompile Include="..\src\Timer.cpp">
      <Filter>Source Files\S-V</Filter>
    </ClCompile>
    <ClCompile Include="..\src\TimerWindows.cpp">
      <Filter>Source Files\S-V</Filter>
    </ClCompile>
    <ClCompile Include="..\src\VSCompatibility.cpp">
      <Filter>Source Files\S-V</Filter>
    </ClCompile>
    <ClCompile Include="..\src\MapValueOr.cpp">
      <Filter>Source Files\M-R</Filter>
    </ClCompile>
    <ClCompile Include="..\src\MemberOffset.cpp">
      <Filter>Source Files\M-R</Filter>
    </ClCompile>
    <ClCompile Include="..\src\Natural.cpp">
      <Filter>Source Files\M-R</Filter>
    </ClCompile>
    <ClCompile Include="..\src\Numeric.cpp">
      <Filter>Source Files\M-R</Filter>
    </ClCompile>
    <ClCompile Include="..\src\OutputOperators.cpp">
      <Filter>Source Files\M-R</Filter>
    </ClCompile>
    <ClCompile Include="..\src\Print.cpp">
      <Filter>Source Files\M-R</Filter>
    </ClCompile>
    <ClCompile Include="..\src\PrintBacktrace.cpp">
      <Filter>Source Files\M-R</Filter>
    </ClCompile>
    <ClCompile Include="..\src\PtrMagic.cpp">
      <Filter>Source Files\M-R</Filter>
    </ClCompile>
    <ClCompile Include="..\src\Random.cpp">
      <Filter>Source Files\M-R</Filter>
    </ClCompile>
    <ClCompile Include="..\src\RandomContainers.cpp">
      <Filter>Source Files\M-R</Filter>
    </ClCompile>
    <ClCompile Include="..\src\RangeStlAlgorithms.cpp">
      <Filter>Source Files\M-R</Filter>
    </ClCompile>
    <ClCompile Include="..\src\Either.cpp">
      <Filter>Source Files\E-L</Filter>
    </ClCompile>
    <ClCompile Include="..\src\Endianness.cpp">
      <Filter>Source Files\E-L</Filter>
    </ClCompile>
    <ClCompile Include="..\src\Endl.cpp">
      <Filter>Source Files\E-L</Filter>
    </ClCompile>
    <ClCompile Include="..\src\EnumHash.cpp">
      <Filter>Source Files\E-L</Filter>
    </ClCompile>
    <ClCompile Include="..\src\EnumToString.cpp">
      <Filter>Source Files\E-L</Filter>
    </ClCompile>
    <ClCompile Include="..\src\EnumToUnderlying.cpp">
      <Filter>Source Files\E-L</Filter>
    </ClCompile>
    <ClCompile Include="..\src\EqualityFunctors.cpp">
      <Filter>Source Files\E-L</Filter>
    </ClCompile>
    <ClCompile Include="..\src\ErrorChecks.cpp">
      <Filter>Source Files\E-L</Filter>
    </ClCompile>
    <ClCompile Include="..\src\ExtendedRangeStlAlgorithms.cpp">
      <Filter>Source Files\E-L</Filter>
    </ClCompile>
    <ClCompile Include="..\src\FindActErase.cpp">
      <Filter>Source Files\E-L</Filter>
    </ClCompile>
    <ClCompile Include="..\src\FunctionComplement.cpp">
      <Filter>Source Files\E-L</Filter>
    </ClCompile>
    <ClCompile Include="..\src\FunctionComposition.cpp">
      <Filter>Source Files\E-L</Filter>
    </ClCompile>
    <ClCompile Include="..\src\InRange.cpp">
      <Filter>Source Files\E-L</Filter>
    </ClCompile>
    <ClCompile Include="..\src\IntToWord.cpp">
      <Filter>Source Files\E-L</Filter>
    </ClCompile>
    <ClCompile Include="..\src\IsStlContainer.cpp">
      <Filter>Source Files\E-L</Filter>
    </ClCompile>
    <ClCompile Include="..\src\Iterators.cpp">
      <Filter>Source Files\E-L</Filter>
    </ClCompile>
    <ClCompile Include="..\src\KeysValues.cpp">
      <Filter>Source Files\E-L</Filter>
    </ClCompile>
    <ClCompile Include="..\src\Lock.cpp">
      <Filter>Source Files\E-L</Filter>
    </ClCompile>
    <ClCompile Include="..\src\Logger.cpp">
      <Filter>Source Files\E-L</Filter>
    </ClCompile>
    <ClCompile Include="..\src\Loud.cpp">
      <Filter>Source Files\E-L</Filter>
    </ClCompile>
    <ClCompile Include="..\src\CaesarCipher.cpp">
      <Filter>Source Files\A-D</Filter>
    </ClCompile>
    <ClCompile Include="..\src\CheckResult.cpp">
      <Filter>Source Files\A-D</Filter>
    </ClCompile>
    <ClCompile Include="..\src\ChronoWrappers.cpp">
      <Filter>Source Files\A-D</Filter>
    </ClCompile>
    <ClCompile Include="..\src\CLRS.cpp">
      <Filter>Source Files\A-D</Filter>
    </ClCompile>
    <ClCompile Include="..\src\ComparisonOperators.cpp">
      <Filter>Source Files\A-D</Filter>
    </ClCompile>
    <ClCompile Include="..\src\Compression.cpp">
      <Filter>Source Files\A-D</Filter>
    </ClCompile>
    <ClCompile Include="..\src\ContainerFilter.cpp">
      <Filter>Source Files\A-D</Filter>
    </ClCompile>
    <ClCompile Include="..\src\ContainerInsert.cpp">
      <Filter>Source Files\A-D</Filter>
    </ClCompile>
    <ClCompile Include="..\src\ContainerOperators.cpp">
      <Filter>Source Files\A-D</Filter>
    </ClCompile>
    <ClCompile Include="..\src\Contains.cpp">
      <Filter>Source Files\A-D</Filter>
    </ClCompile>
    <ClCompile Include="..\src\CountTime.cpp">
      <Filter>Source Files\A-D</Filter>
    </ClCompile>
    <ClCompile Include="..\src\CreateArray.cpp">
      <Filter>Source Files\A-D</Filter>
    </ClCompile>
    <ClCompile Include="..\src\CurrentTime.cpp">
      <Filter>Source Files\A-D</Filter>
    </ClCompile>
    <ClCompile Include="..\src\CustomRangeAlgorithms.cpp">
      <Filter>Source Files\A-D</Filter>
    </ClCompile>
    <ClCompile Include="..\src\CutString.cpp">
      <Filter>Source Files\A-D</Filter>
    </ClCompile>
    <ClCompile Include="..\src\Demangle.cpp">
      <Filter>Source Files\A-D</Filter>
    </ClCompile>
    <ClCompile Include="..\src\DumpMemory.cpp">
      <Filter>Source Files\A-D</Filter>
    </ClCompile>
    <ClCompile Include="..\src\BitCount.cpp">
      <Filter>Source Files\A-D</Filter>
    </ClCompile>
    <ClCompile Include="..\src\BufferPool.cpp">
      <Filter>Source Files\A-D</Filter>
    </ClCompile>
    <ClCompile Include="..\src\Args.cpp">
      <Filter>Source Files\A-D</Filter>
    </ClCompile>
    <ClCompile Include="..\src\ArraySize.cpp">
      <Filter>Source Files\A-D</Filter>
    </ClCompile>
    <ClCompile Include="..\src\AStar.cpp">
      <Filter>Source Files\A-D</Filter>
    </ClCompile>
    <ClCompile Include="..\src\AsyncTask.cpp">
      <Filter>Source Files\A-D</Filter>
    </ClCompile>
    <ClCompile Include="..\src\Allocs.cpp">
      <Filter>Source Files\A-D</Filter>
    </ClCompile>
    <ClCompile Include="..\src\Optional.cpp">
      <Filter>Source Files\M-R</Filter>
    </ClCompile>
    <ClCompile Include="..\src\RandomChance.cpp">
      <Filter>Source Files\M-R</Filter>
    </ClCompile>
    <ClCompile Include="..\src\Repeat.cpp">
      <Filter>Source Files\M-R</Filter>
    </ClCompile>
    <ClCompile Include="..\src\ReadFile.cpp">
      <Filter>Source Files\M-R</Filter>
    </ClCompile>
    <ClCompile Include="..\src\Observer.cpp">
      <Filter>Source Files\M-R</Filter>
    </ClCompile>
    <ClCompile Include="..\src\WeakPtrMatcher.cpp">
      <Filter>Source Files\W-Z</Filter>
    </ClCompile>
    <ClCompile Include="..\src\ScopedThread.cpp">
      <Filter>Source Files\S-V</Filter>
    </ClCompile>
    <ClCompile Include="..\src\StartsWith.cpp">
      <Filter>Source Files\S-V</Filter>
    </ClCompile>
    <ClCompile Include="..\src\Std.cpp">
      <Filter>Source Files\S-V</Filter>
    </ClCompile>
    <ClCompile Include="..\src\ToLower.cpp">
      <Filter>Source Files\S-V</Filter>
    </ClCompile>
    <ClCompile Include="..\src\TaskScheduler.cpp">
      <Filter>Source Files\S-V</Filter>
    </ClCompile>
    <ClCompile Include="..\src\ThreadSafeQueue.cpp">
      <Filter>Source Files\S-V</Filter>
    </ClCompile>
    <ClCompile Include="..\src\QueuePop.cpp">
      <Filter>Source Files\M-R</Filter>
    </ClCompile>
    <ClCompile Include="..\src\StringStream.cpp">
      <Filter>Source Files\S-V</Filter>
    </ClCompile>
    <ClCompile Include="..\src\ComPtr.cpp">
      <Filter>Source Files\A-D</Filter>
    </ClCompile>
    <ClCompile Include="..\src\ContainerMemSize.cpp">
      <Filter>Source Files\A-D</Filter>
    </ClCompile>
    <ClCompile Include="..\src\SigAction.cpp">
      <Filter>Source Files\S-V</Filter>
    </ClCompile>
    <ClCompile Include="..\src\FileName.cpp">
      <Filter>Source Files\E-L</Filter>
    </ClCompile>
    <ClCompile Include="..\src\ConstexprString.cpp">
      <Filter>Source Files\A-D</Filter>
    </ClCompile>
    <ClCompile Include="..\src\Combine.cpp">
      <Filter>Source Files\A-D</Filter>
    </ClCompile>
    <ClCompile Include="..\src\Recursion.cpp">
      <Filter>Source Files\M-R</Filter>
    </ClCompile>
    <ClCompile Include="..\src\WriteFile.cpp">
      <Filter>Source Files\W-Z</Filter>
    </ClCompile>
    <ClCompile Include="..\src\FileCommon.cpp">
      <Filter>Source Files\E-L</Filter>
    </ClCompile>
    <ClCompile Include="..\src\Singleton.cpp">
      <Filter>Source Files\S-V</Filter>
    </ClCompile>
    <ClCompile Include="..\src\ExecutableFolder.cpp">
      <Filter>Source Files\E-L</Filter>
    </ClCompile>
    <ClCompile Include="..\src\WString.cpp">
      <Filter>Source Files\W-Z</Filter>
    </ClCompile>
    <ClCompile Include="..\src\ExecutableFolderUnicode.cpp">
      <Filter>Source Files\E-L</Filter>
    </ClCompile>
    <ClCompile Include="..\src\Toggle.cpp">
      <Filter>Source Files\S-V</Filter>
    </ClCompile>
    <ClCompile Include="..\src\ContainsKeys.cpp">
      <Filter>Source Files\A-D</Filter>
    </ClCompile>
  </ItemGroup>
</Project>